{
  "version": 4,
  "terraform_version": "1.0.4",
  "serial": 16,
  "lineage": "862236ec-6d5d-3b9b-21f7-495998db65b9",
  "outputs": {},
  "resources": [
    {
      "mode": "data",
      "type": "template_file",
      "name": "template-codebuild-role",
      "provider": "provider[\"registry.terraform.io/hashicorp/template\"]",
      "instances": [
        {
          "schema_version": 0,
          "attributes": {
            "filename": null,
            "id": "ec24106a0f8ca1312b8ad41afbaeba86f719ad9fb7c2b7903287a819f3ffd0c3",
            "rendered": "{\r\n  \"Version\": \"2012-10-17\",\r\n  \"Statement\": [\r\n    {\r\n      \"Effect\": \"Allow\",\r\n      \"Principal\": {\r\n        \"Service\": \"codebuild.amazonaws.com\"\r\n      },\r\n      \"Action\": \"sts:AssumeRole\"\r\n    }\r\n  ]\r\n}\r\n",
            "template": "{\r\n  \"Version\": \"2012-10-17\",\r\n  \"Statement\": [\r\n    {\r\n      \"Effect\": \"Allow\",\r\n      \"Principal\": {\r\n        \"Service\": \"codebuild.amazonaws.com\"\r\n      },\r\n      \"Action\": \"sts:AssumeRole\"\r\n    }\r\n  ]\r\n}\r\n",
            "vars": null
          },
          "sensitive_attributes": []
        }
      ]
    },
    {
      "mode": "data",
      "type": "template_file",
      "name": "template-codebuild-role-policy",
      "provider": "provider[\"registry.terraform.io/hashicorp/template\"]",
      "instances": [
        {
          "schema_version": 0,
          "attributes": {
            "filename": null,
            "id": "b5189634912f8a4daabe3a77da7456fb32738497ce3392717a73ced3f988a3e9",
            "rendered": "{\r\n   \"Version\": \"2012-10-17\",\r\n  \"Statement\": [\r\n    {\r\n      \"Effect\": \"Allow\",\r\n      \"Resource\": [\r\n        \"*\"\r\n      ],\r\n      \"Action\": [\r\n        \"logs:CreateLogGroup\",\r\n        \"logs:CreateLogStream\",\r\n        \"logs:PutLogEvents\"\r\n      ]\r\n    },\r\n    {\r\n      \"Effect\": \"Allow\",\r\n      \"Action\": [\r\n        \"ec2:CreateNetworkInterface\",\r\n        \"ec2:DescribeDhcpOptions\",\r\n        \"ec2:DescribeNetworkInterfaces\",\r\n        \"ec2:DeleteNetworkInterface\",\r\n        \"ec2:DescribeSubnets\",\r\n        \"ec2:DescribeSecurityGroups\",\r\n        \"ec2:DescribeVpcs\"\r\n      ],\r\n      \"Resource\": \"*\"\r\n    },\r\n    {\r\n      \"Effect\": \"Allow\",\r\n      \"Action\": [\r\n        \"ec2:CreateNetworkInterfacePermission\"\r\n      ],\r\n      \"Resource\": [\r\n\t\t\t\t\r\n        \"arn:aws:ec2:eu-central-1:530117518858:network-interface/*\"\r\n\t\t\t\t\r\n      ],\r\n      \"Condition\": {\r\n        \"StringEquals\": {\r\n          \"ec2:Subnet\": [\r\n            \"arn:aws:ec2:eu-central-1:530117518858:subnet/subnet-0a7e2447cdb3ecb08\",\r\n            \"arn:aws:ec2:eu-central-1:530117518858:subnet/subnet-06cd81b47b4ad0e93\"\r\n\t\t\t\t\r\n\r\n          ],\r\n          \"ec2:AuthorizedService\": \"codebuild.amazonaws.com\"\r\n        }\r\n      }\r\n    },\r\n    {\r\n      \"Effect\": \"Allow\",\r\n      \"Action\": [\r\n        \"s3:*\"\r\n      ],\r\n      \"Resource\": [\r\n        \"arn:aws:s3:::for-codebuild\",\r\n        \"arn:aws:s3:::for-codebuild/*\"\r\n      ]\r\n    }\r\n  ]\r\n}\r\n",
            "template": "{\r\n   \"Version\": \"2012-10-17\",\r\n  \"Statement\": [\r\n    {\r\n      \"Effect\": \"Allow\",\r\n      \"Resource\": [\r\n        \"*\"\r\n      ],\r\n      \"Action\": [\r\n        \"logs:CreateLogGroup\",\r\n        \"logs:CreateLogStream\",\r\n        \"logs:PutLogEvents\"\r\n      ]\r\n    },\r\n    {\r\n      \"Effect\": \"Allow\",\r\n      \"Action\": [\r\n        \"ec2:CreateNetworkInterface\",\r\n        \"ec2:DescribeDhcpOptions\",\r\n        \"ec2:DescribeNetworkInterfaces\",\r\n        \"ec2:DeleteNetworkInterface\",\r\n        \"ec2:DescribeSubnets\",\r\n        \"ec2:DescribeSecurityGroups\",\r\n        \"ec2:DescribeVpcs\"\r\n      ],\r\n      \"Resource\": \"*\"\r\n    },\r\n    {\r\n      \"Effect\": \"Allow\",\r\n      \"Action\": [\r\n        \"ec2:CreateNetworkInterfacePermission\"\r\n      ],\r\n      \"Resource\": [\r\n\t\t\t\t\r\n        \"arn:aws:ec2:eu-central-1:530117518858:network-interface/*\"\r\n\t\t\t\t\r\n      ],\r\n      \"Condition\": {\r\n        \"StringEquals\": {\r\n          \"ec2:Subnet\": [\r\n            \"arn:aws:ec2:eu-central-1:530117518858:subnet/subnet-0a7e2447cdb3ecb08\",\r\n            \"arn:aws:ec2:eu-central-1:530117518858:subnet/subnet-06cd81b47b4ad0e93\"\r\n\t\t\t\t\r\n\r\n          ],\r\n          \"ec2:AuthorizedService\": \"codebuild.amazonaws.com\"\r\n        }\r\n      }\r\n    },\r\n    {\r\n      \"Effect\": \"Allow\",\r\n      \"Action\": [\r\n        \"s3:*\"\r\n      ],\r\n      \"Resource\": [\r\n        \"arn:aws:s3:::for-codebuild\",\r\n        \"arn:aws:s3:::for-codebuild/*\"\r\n      ]\r\n    }\r\n  ]\r\n}\r\n",
            "vars": null
          },
          "sensitive_attributes": []
        }
      ]
    },
    {
      "mode": "managed",
      "type": "aws_codebuild_project",
      "name": "best-codebuild-ever",
      "provider": "provider[\"registry.terraform.io/hashicorp/aws\"]",
      "instances": [
        {
          "schema_version": 0,
          "attributes": {
            "arn": "arn:aws:codebuild:eu-central-1:530117518858:project/golden-paper",
            "artifacts": [
              {
                "artifact_identifier": "",
                "encryption_disabled": false,
                "location": "",
                "name": "",
                "namespace_type": "",
                "override_artifact_name": false,
                "packaging": "",
                "path": "",
                "type": "NO_ARTIFACTS"
              }
            ],
            "badge_enabled": false,
            "badge_url": "",
            "build_batch_config": [],
            "build_timeout": 10,
            "cache": [
              {
                "location": "for-codebuild",
                "modes": [],
                "type": "S3"
              }
            ],
            "concurrent_build_limit": 0,
            "description": "bla bla bla again",
            "encryption_key": "arn:aws:kms:eu-central-1:530117518858:alias/aws/s3",
            "environment": [
              {
                "certificate": "",
                "compute_type": "BUILD_GENERAL1_SMALL",
                "environment_variable": [],
                "image": "aws/codebuild/standard:4.0",
                "image_pull_credentials_type": "CODEBUILD",
                "privileged_mode": true,
                "registry_credential": [],
                "type": "LINUX_CONTAINER"
              }
            ],
            "file_system_locations": [],
            "id": "arn:aws:codebuild:eu-central-1:530117518858:project/golden-paper",
            "logs_config": [
              {
                "cloudwatch_logs": [
                  {
                    "group_name": "log-codebuild-group",
                    "status": "ENABLED",
                    "stream_name": "log-codebuild-stream"
                  }
                ],
                "s3_logs": [
                  {
                    "encryption_disabled": false,
                    "location": "for-codebuild/build-log",
                    "status": "ENABLED"
                  }
                ]
              }
            ],
            "name": "golden-paper",
            "queued_timeout": 480,
            "secondary_artifacts": [],
            "secondary_sources": [],
            "service_role": "arn:aws:iam::530117518858:role/role-for-codebuild",
            "source": [
              {
                "auth": [],
                "build_status_config": [],
                "buildspec": "./buildspec.yml",
                "git_clone_depth": 1,
                "git_submodules_config": [
                  {
                    "fetch_submodules": true
                  }
                ],
                "insecure_ssl": false,
                "location": "https://github.com/extsand/blue_app",
                "report_build_status": true,
                "type": "GITHUB"
              }
            ],
            "source_version": "main",
            "tags": {
              "Environment": "Test test test"
            },
            "tags_all": {
              "Environment": "Test test test"
            },
            "vpc_config": [
              {
                "security_group_ids": [
                  "sg-0ac2f02f11d531eab"
                ],
                "subnets": [
                  "subnet-06cd81b47b4ad0e93",
                  "subnet-0a7e2447cdb3ecb08"
                ],
                "vpc_id": "vpc-0317a7ad16e4ff27d"
              }
            ]
          },
          "sensitive_attributes": [],
          "private": "bnVsbA==",
          "dependencies": [
            "aws_iam_role.codebuild-role",
            "aws_s3_bucket.codebuild_bucket",
            "aws_security_group.security_for_codebuild",
            "aws_subnet.public_a",
            "aws_subnet.public_b",
            "aws_vpc.codebuild_vpc"
          ]
        }
      ]
    },
    {
      "mode": "managed",
      "type": "aws_iam_role",
      "name": "codebuild-role",
      "provider": "provider[\"registry.terraform.io/hashicorp/aws\"]",
      "instances": [
        {
          "schema_version": 0,
          "attributes": {
            "arn": "arn:aws:iam::530117518858:role/role-for-codebuild",
            "assume_role_policy": "{\"Version\":\"2012-10-17\",\"Statement\":[{\"Effect\":\"Allow\",\"Principal\":{\"Service\":\"codebuild.amazonaws.com\"},\"Action\":\"sts:AssumeRole\"}]}",
            "create_date": "2021-11-16T23:11:53Z",
            "description": "",
            "force_detach_policies": false,
            "id": "role-for-codebuild",
            "inline_policy": [
              {
                "name": "policy-for-role-codebuild",
                "policy": "{\r\n   \"Version\": \"2012-10-17\",\r\n  \"Statement\": [\r\n    {\r\n      \"Effect\": \"Allow\",\r\n      \"Resource\": [\r\n        \"*\"\r\n      ],\r\n      \"Action\": [\r\n        \"logs:CreateLogGroup\",\r\n        \"logs:CreateLogStream\",\r\n        \"logs:PutLogEvents\"\r\n      ]\r\n    },\r\n    {\r\n      \"Effect\": \"Allow\",\r\n      \"Action\": [\r\n        \"ec2:CreateNetworkInterface\",\r\n        \"ec2:DescribeDhcpOptions\",\r\n        \"ec2:DescribeNetworkInterfaces\",\r\n        \"ec2:DeleteNetworkInterface\",\r\n        \"ec2:DescribeSubnets\",\r\n        \"ec2:DescribeSecurityGroups\",\r\n        \"ec2:DescribeVpcs\"\r\n      ],\r\n      \"Resource\": \"*\"\r\n    },\r\n    {\r\n      \"Effect\": \"Allow\",\r\n      \"Action\": [\r\n        \"ec2:CreateNetworkInterfacePermission\"\r\n      ],\r\n      \"Resource\": [\r\n\t\t\t\t\r\n        \"arn:aws:ec2:eu-central-1:530117518858:network-interface/*\"\r\n\t\t\t\t\r\n      ],\r\n      \"Condition\": {\r\n        \"StringEquals\": {\r\n          \"ec2:Subnet\": [\r\n            \"arn:aws:ec2:eu-central-1:530117518858:subnet/subnet-0a7e2447cdb3ecb08\",\r\n            \"arn:aws:ec2:eu-central-1:530117518858:subnet/subnet-06cd81b47b4ad0e93\"\r\n\t\t\t\t\r\n\r\n          ],\r\n          \"ec2:AuthorizedService\": \"codebuild.amazonaws.com\"\r\n        }\r\n      }\r\n    },\r\n    {\r\n      \"Effect\": \"Allow\",\r\n      \"Action\": [\r\n        \"s3:*\"\r\n      ],\r\n      \"Resource\": [\r\n        \"arn:aws:s3:::for-codebuild\",\r\n        \"arn:aws:s3:::for-codebuild/*\"\r\n      ]\r\n    }\r\n  ]\r\n}\r\n"
              }
            ],
            "managed_policy_arns": [],
            "max_session_duration": 3600,
            "name": "role-for-codebuild",
            "name_prefix": "",
            "path": "/",
            "permissions_boundary": null,
            "tags": {},
            "tags_all": {},
            "unique_id": "AROAXW3LXMYFFCWW4JUM6"          },
          "sensitive_attributes": [],
          "private": "bnVsbA==",
          "dependencies": [
            "data.template_file.template-codebuild-role"
          ]
        }
      ]
    },
    {
      "mode": "managed",
      "type": "aws_iam_role_policy",
      "name": "codebuild-role-policy",
      "provider": "provider[\"registry.terraform.io/hashicorp/aws\"]",
      "instances": [
        {
          "schema_version": 0,
          "attributes": {
            "id": "role-for-codebuild:policy-for-role-codebuild",
            "name": "policy-for-role-codebuild",
            "name_prefix": null,
            "policy": "{\r\n   \"Version\": \"2012-10-17\",\r\n  \"Statement\": [\r\n    {\r\n      \"Effect\": \"Allow\",\r\n      \"Resource\": [\r\n        \"*\"\r\n      ],\r\n      \"Action\": [\r\n        \"logs:CreateLogGroup\",\r\n        \"logs:CreateLogStream\",\r\n        \"logs:PutLogEvents\"\r\n      ]\r\n    },\r\n    {\r\n      \"Effect\": \"Allow\",\r\n      \"Action\": [\r\n        \"ec2:CreateNetworkInterface\",\r\n        \"ec2:DescribeDhcpOptions\",\r\n        \"ec2:DescribeNetworkInterfaces\",\r\n        \"ec2:DeleteNetworkInterface\",\r\n        \"ec2:DescribeSubnets\",\r\n        \"ec2:DescribeSecurityGroups\",\r\n        \"ec2:DescribeVpcs\"\r\n      ],\r\n      \"Resource\": \"*\"\r\n    },\r\n    {\r\n      \"Effect\": \"Allow\",\r\n      \"Action\": [\r\n        \"ec2:CreateNetworkInterfacePermission\"\r\n      ],\r\n      \"Resource\": [\r\n\t\t\t\t\r\n        \"arn:aws:ec2:eu-central-1:530117518858:network-interface/*\"\r\n\t\t\t\t\r\n      ],\r\n      \"Condition\": {\r\n        \"StringEquals\": {\r\n          \"ec2:Subnet\": [\r\n            \"arn:aws:ec2:eu-central-1:530117518858:subnet/subnet-0a7e2447cdb3ecb08\",\r\n            \"arn:aws:ec2:eu-central-1:530117518858:subnet/subnet-06cd81b47b4ad0e93\"\r\n\t\t\t\t\r\n\r\n          ],\r\n          \"ec2:AuthorizedService\": \"codebuild.amazonaws.com\"\r\n        }\r\n      }\r\n    },\r\n    {\r\n      \"Effect\": \"Allow\",\r\n      \"Action\": [\r\n        \"s3:*\"\r\n      ],\r\n      \"Resource\": [\r\n        \"arn:aws:s3:::for-codebuild\",\r\n        \"arn:aws:s3:::for-codebuild/*\"\r\n      ]\r\n    }\r\n  ]\r\n}\r\n",
            "role": "role-for-codebuild"
          },
          "sensitive_attributes": [],
          "private": "bnVsbA==",
          "dependencies": [
            "aws_vpc.codebuild_vpc",
            "data.template_file.template-codebuild-role",
            "data.template_file.template-codebuild-role-policy",
            "aws_iam_role.codebuild-role",
            "aws_s3_bucket.codebuild_bucket",
            "aws_subnet.public_a",
            "aws_subnet.public_b"
          ]
        }
      ]
    },
    {
      "mode": "managed",
      "type": "aws_internet_gateway",
      "name": "vpc_igw",
      "provider": "provider[\"registry.terraform.io/hashicorp/aws\"]",
      "instances": [
        {
          "schema_version": 0,
          "attributes": {
            "arn": "arn:aws:ec2:eu-central-1:530117518858:internet-gateway/igw-09cedb80d5776e4b3",
            "id": "igw-09cedb80d5776e4b3",
            "owner_id": "530117518858",
            "tags": {
              "Name": "Codebuild-VPC"
            },
            "tags_all": {
              "Name": "Codebuild-VPC"
            },
            "vpc_id": "vpc-0317a7ad16e4ff27d"
          },
          "sensitive_attributes": [],
          "private": "bnVsbA==",
          "dependencies": [
            "aws_vpc.codebuild_vpc"
          ]
        }
      ]
    },
    {
      "mode": "managed",
      "type": "aws_route_table",
      "name": "route_for_vpc_codebuild-to-igw",
      "provider": "provider[\"registry.terraform.io/hashicorp/aws\"]",
      "instances": [
        {
          "schema_version": 0,
          "attributes": {
            "arn": "arn:aws:ec2:eu-central-1:530117518858:route-table/rtb-0f308ec4a1af385ec",
            "id": "rtb-0f308ec4a1af385ec",
            "owner_id": "530117518858",
            "propagating_vgws": [],
            "route": [
              {
                "carrier_gateway_id": "",
                "cidr_block": "0.0.0.0/0",
                "destination_prefix_list_id": "",
                "egress_only_gateway_id": "",
                "gateway_id": "igw-09cedb80d5776e4b3",
                "instance_id": "",
                "ipv6_cidr_block": "",
                "local_gateway_id": "",
                "nat_gateway_id": "",
                "network_interface_id": "",
                "transit_gateway_id": "",
                "vpc_endpoint_id": "",
                "vpc_peering_connection_id": ""
              }
            ],
            "tags": {
              "Name": "route for Codebuild aws"
            },
            "tags_all": {
              "Name": "route for Codebuild aws"
            },
            "timeouts": null,
            "vpc_id": "vpc-0317a7ad16e4ff27d"
          },
          "sensitive_attributes": [],
          "private": "eyJlMmJmYjczMC1lY2FhLTExZTYtOGY4OC0zNDM2M2JjN2M0YzAiOnsiY3JlYXRlIjoxMjAwMDAwMDAwMDAsImRlbGV0ZSI6MzAwMDAwMDAwMDAwLCJ1cGRhdGUiOjEyMDAwMDAwMDAwMH19",
          "dependencies": [
            "aws_internet_gateway.vpc_igw",
            "aws_vpc.codebuild_vpc"
          ]
        }
      ]
    },
    {
      "mode": "managed",
      "type": "aws_route_table_association",
      "name": "rta_public_a",
      "provider": "provider[\"registry.terraform.io/hashicorp/aws\"]",
      "instances": [
        {
          "schema_version": 0,
          "attributes": {
            "gateway_id": "",
            "id": "rtbassoc-0e1026ba598340c0a",
            "route_table_id": "rtb-0f308ec4a1af385ec",
            "subnet_id": "subnet-0a7e2447cdb3ecb08"
          },
          "sensitive_attributes": [],
          "private": "bnVsbA==",
          "dependencies": [
            "aws_subnet.public_a",
            "aws_vpc.codebuild_vpc",
            "aws_internet_gateway.vpc_igw",
            "aws_route_table.route_for_vpc_codebuild-to-igw"
          ]
        }
      ]
    },
    {
      "mode": "managed",
      "type": "aws_route_table_association",
      "name": "rta_public_b",
      "provider": "provider[\"registry.terraform.io/hashicorp/aws\"]",
      "instances": [
        {
          "schema_version": 0,
          "attributes": {
            "gateway_id": "",
            "id": "rtbassoc-024cdc036a915fe99",
            "route_table_id": "rtb-0f308ec4a1af385ec",
            "subnet_id": "subnet-06cd81b47b4ad0e93"
          },
          "sensitive_attributes": [],
          "private": "bnVsbA==",
          "dependencies": [
            "aws_internet_gateway.vpc_igw",
            "aws_route_table.route_for_vpc_codebuild-to-igw",
            "aws_subnet.public_b",
            "aws_vpc.codebuild_vpc"
          ]
        }
      ]
    },
    {
      "mode": "managed",
      "type": "aws_s3_bucket",
      "name": "codebuild_bucket",
      "provider": "provider[\"registry.terraform.io/hashicorp/aws\"]",
      "instances": [
        {
          "schema_version": 0,
          "attributes": {
            "acceleration_status": "",
            "acl": "private",
            "arn": "arn:aws:s3:::for-codebuild",
            "bucket": "for-codebuild",
            "bucket_domain_name": "for-codebuild.s3.amazonaws.com",
            "bucket_prefix": null,
            "bucket_regional_domain_name": "for-codebuild.s3.eu-central-1.amazonaws.com",
            "cors_rule": [],
            "force_destroy": false,
            "grant": [],
            "hosted_zone_id": "Z21DNDUVLTQW6Q",
            "id": "for-codebuild",
            "lifecycle_rule": [],
            "logging": [],
            "object_lock_configuration": [],
            "policy": null,
            "region": "eu-central-1",
            "replication_configuration": [],
            "request_payer": "BucketOwner",
            "server_side_encryption_configuration": [],
            "tags": {},
            "tags_all": {},
            "versioning": [
              {
                "enabled": false,
                "mfa_delete": false
              }
            ],
            "website": [],
            "website_domain": null,
            "website_endpoint": null
          },
          "sensitive_attributes": [],
          "private": "bnVsbA=="
        }
      ]
    },
    {
      "mode": "managed",
      "type": "aws_security_group",
      "name": "security_for_codebuild",
      "provider": "provider[\"registry.terraform.io/hashicorp/aws\"]",
      "instances": [
        {
          "schema_version": 1,
          "attributes": {
            "arn": "arn:aws:ec2:eu-central-1:530117518858:security-group/sg-0ac2f02f11d531eab",
            "description": "Managed by Terraform",
            "egress": [
              {
                "cidr_blocks": [
                  "0.0.0.0/0"
                ],
                "description": "",
                "from_port": 0,
                "ipv6_cidr_blocks": [],
                "prefix_list_ids": [],
                "protocol": "-1",
                "security_groups": [],
                "self": false,
                "to_port": 0
              }
            ],
            "id": "sg-0ac2f02f11d531eab",
            "ingress": [
              {
                "cidr_blocks": [
                  "0.0.0.0/0"
                ],
                "description": "",
                "from_port": 0,
                "ipv6_cidr_blocks": [],
                "prefix_list_ids": [],
                "protocol": "-1",
                "security_groups": [],
                "self": false,
                "to_port": 0
              }
            ],
            "name": "Security for Codebuild",
            "name_prefix": "",
            "owner_id": "530117518858",
            "revoke_rules_on_delete": false,
            "tags": {},
            "tags_all": {},
            "timeouts": null,
            "vpc_id": "vpc-0317a7ad16e4ff27d"
          },
          "sensitive_attributes": [],
          "private": "eyJlMmJmYjczMC1lY2FhLTExZTYtOGY4OC0zNDM2M2JjN2M0YzAiOnsiY3JlYXRlIjo2MDAwMDAwMDAwMDAsImRlbGV0ZSI6OTAwMDAwMDAwMDAwfSwic2NoZW1hX3ZlcnNpb24iOiIxIn0=",
          "dependencies": [
            "aws_vpc.codebuild_vpc"
          ]
        }
      ]
    },
    {
      "mode": "managed",
      "type": "aws_subnet",
      "name": "public_a",
      "provider": "provider[\"registry.terraform.io/hashicorp/aws\"]",
      "instances": [
        {
          "schema_version": 1,
          "attributes": {
            "arn": "arn:aws:ec2:eu-central-1:530117518858:subnet/subnet-0a7e2447cdb3ecb08",
            "assign_ipv6_address_on_creation": false,
            "availability_zone": "eu-central-1a",
            "availability_zone_id": "euc1-az2",
            "cidr_block": "10.0.10.0/24",
            "customer_owned_ipv4_pool": "",
            "id": "subnet-0a7e2447cdb3ecb08",
            "ipv6_cidr_block": "",
            "ipv6_cidr_block_association_id": "",
            "map_customer_owned_ip_on_launch": false,
            "map_public_ip_on_launch": true,
            "outpost_arn": "",
            "owner_id": "530117518858",
            "tags": {
              "Name": "Public subnet A"
            },
            "tags_all": {
              "Name": "Public subnet A"
            },
            "timeouts": null,
            "vpc_id": "vpc-0317a7ad16e4ff27d"
          },
          "sensitive_attributes": [],
          "private": "eyJlMmJmYjczMC1lY2FhLTExZTYtOGY4OC0zNDM2M2JjN2M0YzAiOnsiY3JlYXRlIjo2MDAwMDAwMDAwMDAsImRlbGV0ZSI6MTIwMDAwMDAwMDAwMH0sInNjaGVtYV92ZXJzaW9uIjoiMSJ9",
          "dependencies": [
            "aws_vpc.codebuild_vpc"
          ]
        }
      ]
    },
    {
      "mode": "managed",
      "type": "aws_subnet",
      "name": "public_b",
      "provider": "provider[\"registry.terraform.io/hashicorp/aws\"]",
      "instances": [
        {
          "schema_version": 1,
          "attributes": {
            "arn": "arn:aws:ec2:eu-central-1:530117518858:subnet/subnet-06cd81b47b4ad0e93",
            "assign_ipv6_address_on_creation": false,
            "availability_zone": "eu-central-1b",
            "availability_zone_id": "euc1-az3",
            "cidr_block": "10.0.20.0/24",
            "customer_owned_ipv4_pool": "",
            "id": "subnet-06cd81b47b4ad0e93",
            "ipv6_cidr_block": "",
            "ipv6_cidr_block_association_id": "",
            "map_customer_owned_ip_on_launch": false,
            "map_public_ip_on_launch": true,
            "outpost_arn": "",
            "owner_id": "530117518858",
            "tags": {
              "Name": "Public subnet b"
            },
            "tags_all": {
              "Name": "Public subnet b"
            },
            "timeouts": null,
            "vpc_id": "vpc-0317a7ad16e4ff27d"
          },
          "sensitive_attributes": [],
          "private": "eyJlMmJmYjczMC1lY2FhLTExZTYtOGY4OC0zNDM2M2JjN2M0YzAiOnsiY3JlYXRlIjo2MDAwMDAwMDAwMDAsImRlbGV0ZSI6MTIwMDAwMDAwMDAwMH0sInNjaGVtYV92ZXJzaW9uIjoiMSJ9",
          "dependencies": [
            "aws_vpc.codebuild_vpc"
          ]
        }
      ]
    },
    {
      "mode": "managed",
      "type": "aws_vpc",
      "name": "codebuild_vpc",
      "provider": "provider[\"registry.terraform.io/hashicorp/aws\"]",
      "instances": [
        {
          "schema_version": 1,
          "attributes": {
            "arn": "arn:aws:ec2:eu-central-1:530117518858:vpc/vpc-0317a7ad16e4ff27d",
            "assign_generated_ipv6_cidr_block": false,
            "cidr_block": "10.0.0.0/16",
            "default_network_acl_id": "acl-0ff997b3497d5e799",
            "default_route_table_id": "rtb-071a5e480e25bc38e",
            "default_security_group_id": "sg-06b3c3ac469f3e96a",
            "dhcp_options_id": "dopt-da1e78b0",
            "enable_classiclink": null,
            "enable_classiclink_dns_support": null,
            "enable_dns_hostnames": true,
            "enable_dns_support": true,
            "id": "vpc-0317a7ad16e4ff27d",
            "instance_tenancy": "default",
            "ipv6_association_id": "",
            "ipv6_cidr_block": "",
            "main_route_table_id": "rtb-071a5e480e25bc38e",
            "owner_id": "530117518858",
            "tags": {
              "Name": "Codebuild-VPC"
            },
            "tags_all": {
              "Name": "Codebuild-VPC"
            }
          },
          "sensitive_attributes": [],
          "private": "eyJzY2hlbWFfdmVyc2lvbiI6IjEifQ=="
        }
      ]
    }
  ]
}
